{
  "name": "appforge",
  "version": "1.0.0",
  "lockfileVersion": 3,
  "requires": true,
  "packages": {
    "": {
      "name": "appforge",
      "version": "1.0.0",
      "workspaces": [
        "packages/*"
      ],
      "dependencies": {
        "@monaco-editor/react": "^4.7.0",
        "@tanstack/react-query": "^5.62.8",
        "react": "^18.3.1",
        "react-dom": "^18.3.1",
        "react-router-dom": "^6.28.0"
      },
      "devDependencies": {
        "@types/node": "^22.10.2",
        "@types/react": "^18.3.12",
        "@types/react-dom": "^18.3.1",
        "@vitejs/plugin-react": "^4.3.4",
        "typescript": "^5.7.2",
        "vite": "^6.0.3"
      }
    },
    "node_modules/@babel/code-frame": {
      "version": "7.26.2",
      "resolved": "https://registry.npmjs.org/@babel/code-frame/-/code-frame-7.26.2.tgz",
      "integrity": "sha512-RJlIHRueQhgWfE2LBUt0V2Gi1c7hNq9N15Y6Z1E2LBUt0V2Gi1c7hNq9N15Y6Z1E2LBUt0V2Gi1c7hNq9N15Y6Z1==",
      "dev": true,
      "license": "MIT",
      "dependencies": {
        "@babel/helper-validator-identifier": "^7.25.9",
        "js-tokens": "^4.0.0",
        "picocolors": "^1.0.0"
      },
      "engines": {
        "node": ">=6.9.0"
      }
    }
  }
}
