{
  "name": "appforge",
  "version": "1.0.0",
  "lockfileVersion": 3,
  "requires":true,
  "packages": {
    "": {
      "name": "appforge",
      "version": "1.0.0",
      "dependencies": {
        "@monaco-editor/react": "^4.7.0",
        "@sentry/node": "^7.100.0",
        "@sentry/profiling-node": "^7.100.0",
        "@sentry/react": "^7.100.0",
        "@stripe/stripe-js": "^3.0.0",
        "@supabase/supabase-js": "^2.39.0",
        "@tanstack/react-query": "^5.24.1",
        "@trpc/client": "^11.0.0",
        "@trpc/react-query": "^11.0.0",
        "@trpc/server": "^11.0.0",
        "@types/compression": "^1.8.1",
        "@types/cookie": "^0.6.0",
        "@types/cookie-parser": "^1.4.10",
        "@webcontainer/api": "^1.5.1",
        "bullmq": "^5.81.4",
        "compression": "^1.8.1",
        "cookie-parser": "^1.4.7",
        "cors": "^2.8.5",
        "dotenv": "^16.4.0",
        "drizzle-orm": "^0.45.2",
        "execa": "^10.0.1",
        "express": "^4.18.2",
        "express-rate-limit": "^7.1.5",
        "express-slow-down": "^2.0.1",
        "helmet": "^7.1.0",
        "jszip": "^3.10.1",
        "pg": "^8.13.0",
        "postgres": "^3.4.0",
        "rate-limit-redis": "^4.2.0",
        "react": "^18.2.0",
        "react-dom": "^18.2.0",
        "react-router-dom": "^6.22.0",
        "redis": "^4.6.10",
        "signal-exit": "^4.1.0",
        "stripe": "^14.0.0",
        "supejson": "^2.2.0",
        "zod": "^3.22.4"
      }
    }
